<?xml version="1.0" encoding="UTF-8" standalone="yes" ?>
<CodeBlocks_project_file>
	<FileVersion major="1" minor="6" />
	<Project>
		<Option title="task16" />
		<Option pch_mode="2" />
		<Option compiler="gcc" />
		<Build>
			<Target title="Debug">
				<Option output="bin/Debug/task16" prefix_auto="1" extension_auto="1" />
				<Option object_output="obj/Debug/" />
				<Option type="1" />
				<Option compiler="gcc" />
				<Compiler>
					<Add option="-g" />
				</Compiler>
			</Target>
			<Target title="Release">
				<Option output="bin/Release/task16" prefix_auto="1" extension_auto="1" />
				<Option object_output="obj/Release/" />
				<Option type="1" />
				<Option compiler="gcc" />
				<Compiler>
					<Add option="-O2" />
				</Compiler>
				<Linker>
					<Add option="-s" />
				</Linker>
			</Target>
		</Build>
		<Compiler>
			<Add option="-Wall" />
			<Add option="-fexceptions" />
		</Compiler>
		<Unit filename="FLTKGRAPHICS/GUI.cpp" />
		<Unit filename="FLTKGRAPHICS/GUI.h" />
		<Unit filename="FLTKGRAPHICS/Graph.cpp" />
		<Unit filename="FLTKGRAPHICS/Graph.h" />
		<Unit filename="FLTKGRAPHICS/My_Box.h" />
		<Unit filename="FLTKGRAPHICS/Point.h" />
		<Unit filename="FLTKGRAPHICS/Simple_window.cpp" />
		<Unit filename="FLTKGRAPHICS/Simple_window.h" />
		<Unit filename="FLTKGRAPHICS/Window.cpp" />
		<Unit filename="FLTKGRAPHICS/Window.h" />
		<Unit filename="FLTKGRAPHICS/fltk.h" />
		<Unit filename="FLTKGRAPHICS/std_lib_facilities.h" />
		<Unit filename="My_window.cpp" />
		<Unit filename="My_window.h" />
		<Unit filename="main.cpp" />
		<Extensions>
			<code_completion />
			<envvars />
			<debugger />
			<lib_finder disable_auto="1" />
		</Extensions>
	</Project>
</CodeBlocks_project_file>
