o un comportamento insolitoDettagliRimuoviRimuovere il software dannoso?FineCon tecnologia $1Ulteriori informazioniMostra i file da rimuovereRimuoviRiavvia il computerImpossibile rimuovere il software dannosoRimuovi software dannosoSoftware dannoso rimossoRimozione del software dannoso…Per terminare la rimozione di software dannoso, riavvia il computerSegnala i dettagli a GoogleRipristinare il motore di ricerca predefinito?Ripristinare la pagina iniziale predefinita?Ripristinare la home page predefinita?Motore di ricerca sostituito con: $1.Motore di ricerca sostituito con: $1. Per disattivare le estensioni che cambiano il motore di ricerca, fai clic su Ripristina.Pagina iniziale sostituita con: $1.Pagina iniziale sostituita con: $1. Per disattivare le estensioni che cambiano la pagina iniziale, fai clic su Ripristina.Le pagine iniziali sono state modificate per includere $1.Le pagine iniziali sono state modificate per includere $1. Per disattivare le estensioni che cambiano la pagina iniziale, fai clic su Ripristina.Home page sostituita con: $1.Home page sostituita con: $1. Per disattivare le estensioni che cambiano l'home page, fai clic su Ripristina.RipristinaAttiva aggiornamento automaticoPiù 